
Microsoft Visual Studio Solution File, Format Version 12.00
# Visual Studio Version 16
VisualStudioVersion = 16.0.28803.452
MinimumVisualStudioVersion = 10.0.40219.1
Project("{FAE04EC0-301F-11D3-BF4B-00C04F79EFBC}") = "selenium-tests", "selenium-tests\selenium-tests.csproj", "{FEAC7F4C-FC96-4E93-A257-C42E4FA26931}"
EndProject
Global
	GlobalSection(SolutionConfigurationPlatforms) = preSolution
		Debug|Any CPU = Debug|Any CPU
		Release|Any CPU = Release|Any CPU
	EndGlobalSection
	GlobalSection(ProjectConfigurationPlatforms) = postSolution
		{FEAC7F4C-FC96-4E93-A257-C42E4FA26931}.Debug|Any CPU.ActiveCfg = Debug|Any CPU
		{FEAC7F4C-FC96-4E93-A257-C42E4FA26931}.Debug|Any CPU.Build.0 = Debug|Any CPU
		{FEAC7F4C-FC96-4E93-A257-C42E4FA26931}.Release|Any CPU.ActiveCfg = Release|Any CPU
		{FEAC7F4C-FC96-4E93-A257-C42E4FA26931}.Release|Any CPU.Build.0 = Release|Any CPU
	EndGlobalSection
	GlobalSection(SolutionProperties) = preSolution
		HideSolutionNode = FALSE
	EndGlobalSection
	GlobalSection(ExtensibilityGlobals) = postSolution
		SolutionGuid = {8FCA76FE-AD78-41D9-8D89-95F45E84BB7B}
	EndGlobalSection
EndGlobal
